
Microsoft Visual Studio Solution File, Format Version 12.00
# Visual Studio Version 17
VisualStudioVersion = 17.11.35327.3
MinimumVisualStudioVersion = 10.0.40219.1
Project("{9A19103F-16F7-4668-BE54-9A1E7A4F7556}") = "Entities", "Entities\Entities.csproj", "{BBBEFBC8-CA7C-4139-995C-2AECE0823445}"
EndProject
Project("{9A19103F-16F7-4668-BE54-9A1E7A4F7556}") = "DataAccess", "DataAccess\DataAccess.csproj", "{8ECCBDBA-D083-4239-914C-57389D0DEB62}"
EndProject
Project("{9A19103F-16F7-4668-BE54-9A1E7A4F7556}") = "Business", "Business\Business.csproj", "{584AF6E8-9E58-4098-9CDB-DA67223933BB}"
EndProject
Project("{9A19103F-16F7-4668-BE54-9A1E7A4F7556}") = "ConsoleUI", "ConsoleUI\ConsoleUI.csproj", "{B4FED4CC-D450-48F0-BBCC-3A1A7F3383EB}"
EndProject
Project("{FAE04EC0-301F-11D3-BF4B-00C04F79EFBC}") = "Core", "Core\Core.csproj", "{8C84BB07-7AAB-46B7-9A11-B5F1F0F8983C}"
EndProject
Project("{FAE04EC0-301F-11D3-BF4B-00C04F79EFBC}") = "WebAPI", "WebAPI\WebAPI.csproj", "{85EE02A3-094D-4AB9-9AD7-81D3891CA031}"
EndProject
Global
	GlobalSection(SolutionConfigurationPlatforms) = preSolution
		Debug|Any CPU = Debug|Any CPU
		Release|Any CPU = Release|Any CPU
	EndGlobalSection
	GlobalSection(ProjectConfigurationPlatforms) = postSolution
		{BBBEFBC8-CA7C-4139-995C-2AECE0823445}.Debug|Any CPU.ActiveCfg = Debug|Any CPU
		{BBBEFBC8-CA7C-4139-995C-2AECE0823445}.Debug|Any CPU.Build.0 = Debug|Any CPU
		{BBBEFBC8-CA7C-4139-995C-2AECE0823445}.Release|Any CPU.ActiveCfg = Release|Any CPU
		{BBBEFBC8-CA7C-4139-995C-2AECE0823445}.Release|Any CPU.Build.0 = Release|Any CPU
		{8ECCBDBA-D083-4239-914C-57389D0DEB62}.Debug|Any CPU.ActiveCfg = Debug|Any CPU
		{8ECCBDBA-D083-4239-914C-57389D0DEB62}.Debug|Any CPU.Build.0 = Debug|Any CPU
		{8ECCBDBA-D083-4239-914C-57389D0DEB62}.Release|Any CPU.ActiveCfg = Release|Any CPU
		{8ECCBDBA-D083-4239-914C-57389D0DEB62}.Release|Any CPU.Build.0 = Release|Any CPU
		{584AF6E8-9E58-4098-9CDB-DA67223933BB}.Debug|Any CPU.ActiveCfg = Debug|Any CPU
		{584AF6E8-9E58-4098-9CDB-DA67223933BB}.Debug|Any CPU.Build.0 = Debug|Any CPU
		{584AF6E8-9E58-4098-9CDB-DA67223933BB}.Release|Any CPU.ActiveCfg = Release|Any CPU
		{584AF6E8-9E58-4098-9CDB-DA67223933BB}.Release|Any CPU.Build.0 = Release|Any CPU
		{B4FED4CC-D450-48F0-BBCC-3A1A7F3383EB}.Debug|Any CPU.ActiveCfg = Debug|Any CPU
		{B4FED4CC-D450-48F0-BBCC-3A1A7F3383EB}.Debug|Any CPU.Build.0 = Debug|Any CPU
		{B4FED4CC-D450-48F0-BBCC-3A1A7F3383EB}.Release|Any CPU.ActiveCfg = Release|Any CPU
		{B4FED4CC-D450-48F0-BBCC-3A1A7F3383EB}.Release|Any CPU.Build.0 = Release|Any CPU
		{8C84BB07-7AAB-46B7-9A11-B5F1F0F8983C}.Debug|Any CPU.ActiveCfg = Debug|Any CPU
		{8C84BB07-7AAB-46B7-9A11-B5F1F0F8983C}.Debug|Any CPU.Build.0 = Debug|Any CPU
		{8C84BB07-7AAB-46B7-9A11-B5F1F0F8983C}.Release|Any CPU.ActiveCfg = Release|Any CPU
		{8C84BB07-7AAB-46B7-9A11-B5F1F0F8983C}.Release|Any CPU.Build.0 = Release|Any CPU
		{85EE02A3-094D-4AB9-9AD7-81D3891CA031}.Debug|Any CPU.ActiveCfg = Debug|Any CPU
		{85EE02A3-094D-4AB9-9AD7-81D3891CA031}.Debug|Any CPU.Build.0 = Debug|Any CPU
		{85EE02A3-094D-4AB9-9AD7-81D3891CA031}.Release|Any CPU.ActiveCfg = Release|Any CPU
		{85EE02A3-094D-4AB9-9AD7-81D3891CA031}.Release|Any CPU.Build.0 = Release|Any CPU
	EndGlobalSection
	GlobalSection(SolutionProperties) = preSolution
		HideSolutionNode = FALSE
	EndGlobalSection
	GlobalSection(ExtensibilityGlobals) = postSolution
		SolutionGuid = {033339F0-5C2B-45B1-9221-F5881A14CA12}
	EndGlobalSection
EndGlobal
